lockfileVersion: '9.0'

settings:
  autoInstallPeers: true
  excludeLinksFromLockfile: false

importers:

  .:
    dependencies:
      '@oxc-project/runtime':
        specifier: ^0.61.0
        version: 0.61.2
      chokidar:
        specifier: ^3.6.0
        version: 3.6.0
      commander:
        specifier: ^12.0.0
        version: 12.1.0
      comment-json:
        specifier: ^4.2.3
        version: 4.2.5
      jsonverify:
        specifier: ^1.0.1
        version: 1.0.1
      jszip:
        specifier: ^3.10.1
        version: 3.10.1
      picocolors:
        specifier: ^1.1.1
        version: 1.1.1
    devDependencies:
      '@types/node':
        specifier: ^20.11.30
        version: 20.17.30
      oxlint:
        specifier: ^0.16.5
        version: 0.16.5
      prettier:
        specifier: 3.3.2
        version: 3.3.2
      rolldown:
        specifier: 1.0.0-beta.7-commit.e117288
        version: 1.0.0-beta.7-commit.e117288(@oxc-project/runtime@0.61.2)

packages:

  '@emnapi/core@1.4.0':
    resolution: {integrity: sha512-H+N/FqT07NmLmt6OFFtDfwe8PNygprzBikrEMyQfgqSmT0vzE515Pz7R8izwB9q/zsH/MA64AKoul3sA6/CzVg==}

  '@emnapi/runtime@1.4.0':
    resolution: {integrity: sha512-64WYIf4UYcdLnbKn/umDlNjQDSS8AgZrI/R9+x5ilkUVFxXcA1Ebl+gQLc/6mERA4407Xof0R7wEyEuj091CVw==}

  '@emnapi/wasi-threads@1.0.1':
    resolution: {integrity: sha512-iIBu7mwkq4UQGeMEM8bLwNK962nXdhodeScX4slfQnRhEMMzvYivHhutCIk8uojvmASXXPC2WNEjwxFWk72Oqw==}

  '@napi-rs/wasm-runtime@0.2.8':
    resolution: {integrity: sha512-OBlgKdX7gin7OIq4fadsjpg+cp2ZphvAIKucHsNfTdJiqdOmOEwQd/bHi0VwNrcw5xpBJyUw6cK/QilCqy1BSg==}

  '@oxc-project/runtime@0.61.2':
    resolution: {integrity: sha512-UNv56Aa4pTtsnqapa2LC+gRxXbUZxA6j1WlSYV8+zan5sD+CvwOMSzUsMNdUUTebob6PafJfT+/TN83yWXWmSA==}
    engines: {node: '>=6.9.0'}

  '@oxc-project/types@0.61.2':
    resolution: {integrity: sha512-rfuwJwvwn9MRthHNXlSo9Eka/u7gC0MhnWAoX3BhE1+rwPOl22nq0K0Y997Hof0tHCOuD7H3/Z8HTfCVhB4c5Q==}

  '@oxlint/darwin-arm64@0.16.5':
    resolution: {integrity: sha512-syGjqZ9ES2CZSxL2hJivZNhlaZG/H9EjW1kyup77cSzTqEoaf/wEgiqIEyb1nvkvA2/HexIOkgsL+MsQZ2b04Q==}
    cpu: [arm64]
    os: [darwin]

  '@oxlint/darwin-x64@0.16.5':
    resolution: {integrity: sha512-JczXMFNRwcKYivi4OGaUKfOeugxMF5yMS4oELbSVeP2FQgEPoH/l1WErb+aYNSRuvr5QZiGZST0lGgWy/RPl7A==}
    cpu: [x64]
    os: [darwin]

  '@oxlint/linux-arm64-gnu@0.16.5':
    resolution: {integrity: sha512-II1U6+IZeNRZ+BIPlOQ30cwkzBusF9bx4icx8Pxq7jAbtGKNFMEej9+sp4oXv2b8LU5bWVTQEvH/vuIwusMtmw==}
    cpu: [arm64]
    os: [linux]

  '@oxlint/linux-arm64-musl@0.16.5':
    resolution: {integrity: sha512-2BVhlqspH6Mtqs2jONV6Eu/z+PaDxqPgcFxKV95RJVPHZv3+H6+rElwbCKx73b5IsHZa0SIj/nG1QKYb+GfKiw==}
    cpu: [arm64]
    os: [linux]

  '@oxlint/linux-x64-gnu@0.16.5':
    resolution: {integrity: sha512-4z8eAvwJq7EYM9jUSjw1eL/RsP6Z6mB9e1leKUBY0B1/nRxivDPMA3ryOdJ6ZKTIxWUkJhMshKDP9qa5V8KoEA==}
    cpu: [x64]
    os: [linux]

  '@oxlint/linux-x64-musl@0.16.5':
    resolution: {integrity: sha512-dfswyGsukAJ291Z+Yu7HLZV3JT66B31sCOauPZUqI7MKKqZaYH/2gVKAp/kTq0h94ENIME6jkPLNwJkYmNpYnw==}
    cpu: [x64]
    os: [linux]

  '@oxlint/win32-arm64@0.16.5':
    resolution: {integrity: sha512-YTtBQObOays+OyT31du5WGNhl+I9yWyogTcn9RpKUapoA3XY9q3lS1DNuqTTEOC08+KDDygFGT7fIraMQjehVg==}
    cpu: [arm64]
    os: [win32]

  '@oxlint/win32-x64@0.16.5':
    resolution: {integrity: sha512-cHJJRyVA2XlsGjIVKqw2DC5dkzWGOH6gxQwf6StTHn8F4i5P8gksV70VoNW5mwEXefF2USDX7H43YVIDG5E/Yw==}
    cpu: [x64]
    os: [win32]

  '@rolldown/binding-darwin-arm64@1.0.0-beta.7-commit.e117288':
    resolution: {integrity: sha512-aq6Y9OQl05bYUnzM4a7ZGF3+Du7cdrw3Ala1eCnvNqxgi2ksXKN+LHvgeaWDlyfLgX0jVQFZre4+kzgLSHEMog==}
    cpu: [arm64]
    os: [darwin]

  '@rolldown/binding-darwin-x64@1.0.0-beta.7-commit.e117288':
    resolution: {integrity: sha512-GRxENhaf92Blo7TZz8C8vBFSt4pCRWDP45ElGATItWqzyM+ILtzNjkE5Wj1OyWPe7y0oWxps6YMxVxEdb3/BJQ==}
    cpu: [x64]
    os: [darwin]

  '@rolldown/binding-freebsd-x64@1.0.0-beta.7-commit.e117288':
    resolution: {integrity: sha512-3uibg1KMHT7c149YupfXICxKoO6K7q3MaMpvOdxUjTY9mY3+v96eHTfnq+dd6qD16ppKSVij7FfpEC+sCVDRmg==}
    cpu: [x64]
    os: [freebsd]

  '@rolldown/binding-linux-arm-gnueabihf@1.0.0-beta.7-commit.e117288':
    resolution: {integrity: sha512-oDFqE2fWx2sj0E9doRUmYxi5TKc9/vmD49NP0dUN578LQO8nJBwqOMvE8bM3a/T3or4g1mlJt2ebzGiKGzjHSw==}
    cpu: [arm]
    os: [linux]

  '@rolldown/binding-linux-arm64-gnu@1.0.0-beta.7-commit.e117288':
    resolution: {integrity: sha512-0Weogg1WiFNkmwznM4YS4AmDa55miGstb/I4zKquIsv1kSBLBkxboifgWTCPUnGFK7Wy1u/beRnxCY7UVL1oPw==}
    cpu: [arm64]
    os: [linux]

  '@rolldown/binding-linux-arm64-musl@1.0.0-beta.7-commit.e117288':
    resolution: {integrity: sha512-LwEN10APipzjxAHSreVTEnUAHRz3sq4/UR3IVD/AguV0s6yAbVAsIrvIoxXHKoci+RUlyY5FXICYZQKli8iU5w==}
    cpu: [arm64]
    os: [linux]

  '@rolldown/binding-linux-x64-gnu@1.0.0-beta.7-commit.e117288':
    resolution: {integrity: sha512-tgE2J4BAQfI0rfoPzS4r1LEHSNxdNSM8l1Ab5InnzE4dXzVw92BVQ/FLFE6L+nWy81O7uwd7yz0Jo+qByOPCXg==}
    cpu: [x64]
    os: [linux]

  '@rolldown/binding-linux-x64-musl@1.0.0-beta.7-commit.e117288':
    resolution: {integrity: sha512-m78svPie3D5PIBxmexztDVHjrnHO5t6h3Lwtl6sqdrio1zhGYMY9FcPcaZZ40mXXWKHFoPmbueBZZLdttvOEIQ==}
    cpu: [x64]
    os: [linux]

  '@rolldown/binding-wasm32-wasi@1.0.0-beta.7-commit.e117288':
    resolution: {integrity: sha512-XbOcOWmdioNZ3hHBb5j96Y9S9pGyTeFZWR5ovMZggA9L7mWft2pMrbx4p5zUy2dCps3l1jaFQCjKuBXpwoCZug==}
    engines: {node: '>=14.21.3'}
    cpu: [wasm32]

  '@rolldown/binding-win32-arm64-msvc@1.0.0-beta.7-commit.e117288':
    resolution: {integrity: sha512-lnZ/wrat6UMWGbS9w5AUEH8WkPBA4EUSYp8cxlspdU16dISeD/KGpF2d0hS6Oa6ftbgZZrRLMEnQRiD8OupPsg==}
    cpu: [arm64]
    os: [win32]

  '@rolldown/binding-win32-ia32-msvc@1.0.0-beta.7-commit.e117288':
    resolution: {integrity: sha512-F0N/6kAnCl9dOgqR09T60UjQSxKvRtlbImhiYxIdKBFxgYDDGsh8XzlSbMRUVQmMtNwKC8xi+i+SnamSqY6q8Q==}
    cpu: [ia32]
    os: [win32]

  '@rolldown/binding-win32-x64-msvc@1.0.0-beta.7-commit.e117288':
    resolution: {integrity: sha512-T3qKMkSVemlVLLd5V7dCXnjt4Zda1UnUi45AQnmxIf3jH0/VP0J4aYAJiEEaRbhMoHc82j01+6MuZFZUVMeqng==}
    cpu: [x64]
    os: [win32]

  '@tybys/wasm-util@0.9.0':
    resolution: {integrity: sha512-6+7nlbMVX/PVDCwaIQ8nTOPveOcFLSt8GcXdx8hD0bt39uWxYT88uXzqTd4fTvqta7oeUJqudepapKNt2DYJFw==}

  '@types/node@20.17.30':
    resolution: {integrity: sha512-7zf4YyHA+jvBNfVrk2Gtvs6x7E8V+YDW05bNfG2XkWDJfYRXrTiP/DsB2zSYTaHX0bGIujTBQdMVAhb+j7mwpg==}

  '@valibot/to-json-schema@1.0.0':
    resolution: {integrity: sha512-/9crJgPptVsGCL6X+JPDQyaJwkalSZ/52WuF8DiRUxJgcmpNdzYRfZ+gqMEP8W3CTVfuMWPqqvIgfwJ97f9Etw==}
    peerDependencies:
      valibot: ^1.0.0

  anymatch@3.1.3:
    resolution: {integrity: sha512-KMReFUr0B4t+D+OBkjR3KYqvocp2XaSzO55UcB6mgQMd3KbcE+mWTyvVV7D/zsdEbNnV6acZUutkiHQXvTr1Rw==}
    engines: {node: '>= 8'}

  array-timsort@1.0.3:
    resolution: {integrity: sha512-/+3GRL7dDAGEfM6TseQk/U+mi18TU2Ms9I3UlLdUMhz2hbvGNTKdj9xniwXfUqgYhHxRx0+8UnKkvlNwVU+cWQ==}

  binary-extensions@2.3.0:
    resolution: {integrity: sha512-Ceh+7ox5qe7LJuLHoY0feh3pHuUDHAcRUeyL2VYghZwfpkNIy/+8Ocg0a3UuSoYzavmylwuLWQOf3hl0jjMMIw==}
    engines: {node: '>=8'}

  braces@3.0.3:
    resolution: {integrity: sha512-yQbXgO/OSZVD2IsiLlro+7Hf6Q18EJrKSEsdoMzKePKXct3gvD8oLcOQdIzGupr5Fj+EDe8gO/lxc1BzfMpxvA==}
    engines: {node: '>=8'}

  chokidar@3.6.0:
    resolution: {integrity: sha512-7VT13fmjotKpGipCW9JEQAusEPE+Ei8nl6/g4FBAmIm0GOOLMua9NDDo/DWp0ZAxCr3cPq5ZpBqmPAQgDda2Pw==}
    engines: {node: '>= 8.10.0'}

  commander@12.1.0:
    resolution: {integrity: sha512-Vw8qHK3bZM9y/P10u3Vib8o/DdkvA2OtPtZvD871QKjy74Wj1WSKFILMPRPSdUSx5RFK1arlJzEtA4PkFgnbuA==}
    engines: {node: '>=18'}

  comment-json@4.2.5:
    resolution: {integrity: sha512-bKw/r35jR3HGt5PEPm1ljsQQGyCrR8sFGNiN5L+ykDHdpO8Smxkrkla9Yi6NkQyUrb8V54PGhfMs6NrIwtxtdw==}
    engines: {node: '>= 6'}

  core-util-is@1.0.3:
    resolution: {integrity: sha512-ZQBvi1DcpJ4GDqanjucZ2Hj3wEO5pZDS89BWbkcrvdxksJorwUDDZamX9ldFkp9aw2lmBDLgkObEA4DWNJ9FYQ==}

  esprima@4.0.1:
    resolution: {integrity: sha512-eGuFFw7Upda+g4p+QHvnW0RyTX/SVeJBDM/gCtMARO0cLuT2HcEKnTPvhjV6aGeqrCB/sbNop0Kszm0jsaWU4A==}
    engines: {node: '>=4'}
    hasBin: true

  fill-range@7.1.1:
    resolution: {integrity: sha512-YsGpe3WHLK8ZYi4tWDg2Jy3ebRz2rXowDxnld4bkQB00cc/1Zw9AWnC0i9ztDJitivtQvaI9KaLyKrc+hBW0yg==}
    engines: {node: '>=8'}

  fsevents@2.3.3:
    resolution: {integrity: sha512-5xoDfX+fL7faATnagmWPpbFtwh/R77WmMMqqHGS65C3vvB0YHrgF+B1YmZ3441tMj5n63k0212XNoJwzlhffQw==}
    engines: {node: ^8.16.0 || ^10.6.0 || >=11.0.0}
    os: [darwin]

  glob-parent@5.1.2:
    resolution: {integrity: sha512-AOIgSQCepiJYwP3ARnGx+5VnTu2HBYdzbGP45eLw1vr3zB3vZLeyed1sC9hnbcOc9/SrMyM5RPQrkGz4aS9Zow==}
    engines: {node: '>= 6'}

  has-own-prop@2.0.0:
    resolution: {integrity: sha512-Pq0h+hvsVm6dDEa8x82GnLSYHOzNDt7f0ddFa3FqcQlgzEiptPqL+XrOJNavjOzSYiYWIrgeVYYgGlLmnxwilQ==}
    engines: {node: '>=8'}

  immediate@3.0.6:
    resolution: {integrity: sha512-XXOFtyqDjNDAQxVfYxuF7g9Il/IbWmmlQg2MYKOH8ExIT1qg6xc4zyS3HaEEATgs1btfzxq15ciUiY7gjSXRGQ==}

  inherits@2.0.4:
    resolution: {integrity: sha512-k/vGaX4/Yla3WzyMCvTQOXYeIHvqOKtnqBduzTHpzpQZzAskKMhZ2K+EnBiSM9zGSoIFeMpXKxa4dYeZIQqewQ==}

  is-binary-path@2.1.0:
    resolution: {integrity: sha512-ZMERYes6pDydyuGidse7OsHxtbI7WVeUEozgR/g7rd0xUimYNlvZRE/K2MgZTjWy725IfelLeVcEM97mmtRGXw==}
    engines: {node: '>=8'}

  is-extglob@2.1.1:
    resolution: {integrity: sha512-SbKbANkN603Vi4jEZv49LeVJMn4yGwsbzZworEoyEiutsN3nJYdbO36zfhGJ6QEDpOZIFkDtnq5JRxmvl3jsoQ==}
    engines: {node: '>=0.10.0'}

  is-glob@4.0.3:
    resolution: {integrity: sha512-xelSayHH36ZgE7ZWhli7pW34hNbNl8Ojv5KVmkJD4hBdD3th8Tfk9vYasLM+mXWOZhFkgZfxhLSnrwRr4elSSg==}
    engines: {node: '>=0.10.0'}

  is-number@7.0.0:
    resolution: {integrity: sha512-41Cifkg6e8TylSpdtTpeLVMqvSBEVzTttHvERD741+pnZ8ANv0004MRL43QKPDlK9cGvNp6NZWZUBlbGXYxxng==}
    engines: {node: '>=0.12.0'}

  isarray@1.0.0:
    resolution: {integrity: sha512-VLghIWNM6ELQzo7zwmcg0NmTVyWKYjvIeM83yjp0wRDTmUnrM678fQbcKBo6n2CJEF0szoG//ytg+TKla89ALQ==}

  jsonverify@1.0.1:
    resolution: {integrity: sha512-zAbVyW1PIdEukkpnEbwQIa6KUPQB+U/wzb8/7PnD4hZy7BHyPuRYQ9h8qo70cg2ma6BNoRsAeCqkZvOCP4Q7jQ==}
    engines: {node: '>=14.0.0'}

  jszip@3.10.1:
    resolution: {integrity: sha512-xXDvecyTpGLrqFrvkrUSoxxfJI5AH7U8zxxtVclpsUtMCq4JQ290LY8AW5c7Ggnr/Y/oK+bQMbqK2qmtk3pN4g==}

  lie@3.3.0:
    resolution: {integrity: sha512-UaiMJzeWRlEujzAuw5LokY1L5ecNQYZKfmyZ9L7wDHb/p5etKaxXhohBcrw0EYby+G/NA52vRSN4N39dxHAIwQ==}

  normalize-path@3.0.0:
    resolution: {integrity: sha512-6eZs5Ls3WtCisHWp9S2GUy8dqkpGi4BVSz3GaqiE6ezub0512ESztXUwUB6C6IKbQkY2Pnb/mD4WYojCRwcwLA==}
    engines: {node: '>=0.10.0'}

  oxlint@0.16.5:
    resolution: {integrity: sha512-z5MX2v4KUqzZQTnRkHHBPE4qEo08f5mJ4dQxi+r5t3xpGspVH/pBzWQ0UUy2xO3JHO8H6wpoeoh8bGs6jEygvQ==}
    engines: {node: '>=8.*'}
    hasBin: true

  pako@1.0.11:
    resolution: {integrity: sha512-4hLB8Py4zZce5s4yd9XzopqwVv/yGNhV1Bl8NTmCq1763HeK2+EwVTv+leGeL13Dnh2wfbqowVPXCIO0z4taYw==}

  picocolors@1.1.1:
    resolution: {integrity: sha512-xceH2snhtb5M9liqDsmEw56le376mTZkEX/jEb/RxNFyegNul7eNslCXP9FDj/Lcu0X8KEyMceP2ntpaHrDEVA==}

  picomatch@2.3.1:
    resolution: {integrity: sha512-JU3teHTNjmE2VCGFzuY8EXzCDVwEqB2a8fsIvwaStHhAWJEeVd1o1QD80CU6+ZdEXXSLbSsuLwJjkCBWqRQUVA==}
    engines: {node: '>=8.6'}

  prettier@3.3.2:
    resolution: {integrity: sha512-rAVeHYMcv8ATV5d508CFdn+8/pHPpXeIid1DdrPwXnaAdH7cqjVbpJaT5eq4yRAFU/lsbwYwSF/n5iNrdJHPQA==}
    engines: {node: '>=14'}
    hasBin: true

  process-nextick-args@2.0.1:
    resolution: {integrity: sha512-3ouUOpQhtgrbOa17J7+uxOTpITYWaGP7/AhoR3+A+/1e9skrzelGi/dXzEYyvbxubEF6Wn2ypscTKiKJFFn1ag==}

  readable-stream@2.3.8:
    resolution: {integrity: sha512-8p0AUk4XODgIewSi0l8Epjs+EVnWiK7NoDIEGU0HhE7+ZyY8D1IMY7odu5lRrFXGg71L15KG8QrPmum45RTtdA==}

  readdirp@3.6.0:
    resolution: {integrity: sha512-hOS089on8RduqdbhvQ5Z37A0ESjsqz6qnRcffsMU3495FuTdqSm+7bhJ29JvIOsBDEEnan5DPu9t3To9VRlMzA==}
    engines: {node: '>=8.10.0'}

  repeat-string@1.6.1:
    resolution: {integrity: sha512-PV0dzCYDNfRi1jCDbJzpW7jNNDRuCOG/jI5ctQcGKt/clZD+YcPS3yIlWuTJMmESC8aevCFmWJy5wjAFgNqN6w==}
    engines: {node: '>=0.10'}

  rolldown@1.0.0-beta.7-commit.e117288:
    resolution: {integrity: sha512-3pjhtA9BV/q9cNdcz75ehvie3lgFfJZfzIT8A7aZJPvFCaWTj5AUAlcExXRWO/CIMMZ/49Y1x3MTwRC/Q/LuAw==}
    hasBin: true
    peerDependencies:
      '@oxc-project/runtime': 0.61.2
    peerDependenciesMeta:
      '@oxc-project/runtime':
        optional: true

  safe-buffer@5.1.2:
    resolution: {integrity: sha512-Gd2UZBJDkXlY7GbJxfsE8/nvKkUEU1G38c1siN6QP6a9PT9MmHB8GnpscSmMJSoF8LOIrt8ud/wPtojys4G6+g==}

  setimmediate@1.0.5:
    resolution: {integrity: sha512-MATJdZp8sLqDl/68LfQmbP8zKPLQNV6BIZoIgrscFDQ+RsvK/BxeDQOgyxKKoh0y/8h3BqVFnCqQ/gd+reiIXA==}

  string_decoder@1.1.1:
    resolution: {integrity: sha512-n/ShnvDi6FHbbVfviro+WojiFzv+s8MPMHBczVePfUpDJLwoLT0ht1l4YwBCbi8pJAveEEdnkHyPyTP/mzRfwg==}

  to-regex-range@5.0.1:
    resolution: {integrity: sha512-65P7iz6X5yEr1cwcgvQxbbIw7Uk3gOy5dIdtZ4rDveLqhrdJP+Li/Hx6tyK0NEb+2GCyneCMJiGqrADCSNk8sQ==}
    engines: {node: '>=8.0'}

  tslib@2.8.1:
    resolution: {integrity: sha512-oJFu94HQb+KVduSUQL7wnpmqnfmLsOA/nAh6b6EH0wCEoK0/mPeXU6c3wKDV83MkOuHPRHtSXKKU99IBazS/2w==}

  undici-types@6.19.8:
    resolution: {integrity: sha512-ve2KP6f/JnbPBFyobGHuerC9g1FYGn/F8n1LWTwNxCEzd6IfqTwUQcNXgEtmmQ6DlRrC1hrSrBnCZPokRrDHjw==}

  util-deprecate@1.0.2:
    resolution: {integrity: sha512-EPD5q1uXyFxJpCrLnCc1nHnq3gOa6DZBocAIiI2TaSCA7VCJ1UJDMagCzIkXNsUYfD1daK//LTEQ8xiIbrHtcw==}

  valibot@1.0.0:
    resolution: {integrity: sha512-1Hc0ihzWxBar6NGeZv7fPLY0QuxFMyxwYR2sF1Blu7Wq7EnremwY2W02tit2ij2VJT8HcSkHAQqmFfl77f73Yw==}
    peerDependencies:
      typescript: '>=5'
    peerDependenciesMeta:
      typescript:
        optional: true

snapshots:

  '@emnapi/core@1.4.0':
    dependencies:
      '@emnapi/wasi-threads': 1.0.1
      tslib: 2.8.1
    optional: true

  '@emnapi/runtime@1.4.0':
    dependencies:
      tslib: 2.8.1
    optional: true

  '@emnapi/wasi-threads@1.0.1':
    dependencies:
      tslib: 2.8.1
    optional: true

  '@napi-rs/wasm-runtime@0.2.8':
    dependencies:
      '@emnapi/core': 1.4.0
      '@emnapi/runtime': 1.4.0
      '@tybys/wasm-util': 0.9.0
    optional: true

  '@oxc-project/runtime@0.61.2': {}

  '@oxc-project/types@0.61.2': {}

  '@oxlint/darwin-arm64@0.16.5':
    optional: true

  '@oxlint/darwin-x64@0.16.5':
    optional: true

  '@oxlint/linux-arm64-gnu@0.16.5':
    optional: true

  '@oxlint/linux-arm64-musl@0.16.5':
    optional: true

  '@oxlint/linux-x64-gnu@0.16.5':
    optional: true

  '@oxlint/linux-x64-musl@0.16.5':
    optional: true

  '@oxlint/win32-arm64@0.16.5':
    optional: true

  '@oxlint/win32-x64@0.16.5':
    optional: true

  '@rolldown/binding-darwin-arm64@1.0.0-beta.7-commit.e117288':
    optional: true

  '@rolldown/binding-darwin-x64@1.0.0-beta.7-commit.e117288':
    optional: true

  '@rolldown/binding-freebsd-x64@1.0.0-beta.7-commit.e117288':
    optional: true

  '@rolldown/binding-linux-arm-gnueabihf@1.0.0-beta.7-commit.e117288':
    optional: true

  '@rolldown/binding-linux-arm64-gnu@1.0.0-beta.7-commit.e117288':
    optional: true

  '@rolldown/binding-linux-arm64-musl@1.0.0-beta.7-commit.e117288':
    optional: true

  '@rolldown/binding-linux-x64-gnu@1.0.0-beta.7-commit.e117288':
    optional: true

  '@rolldown/binding-linux-x64-musl@1.0.0-beta.7-commit.e117288':
    optional: true

  '@rolldown/binding-wasm32-wasi@1.0.0-beta.7-commit.e117288':
    dependencies:
      '@napi-rs/wasm-runtime': 0.2.8
    optional: true

  '@rolldown/binding-win32-arm64-msvc@1.0.0-beta.7-commit.e117288':
    optional: true

  '@rolldown/binding-win32-ia32-msvc@1.0.0-beta.7-commit.e117288':
    optional: true

  '@rolldown/binding-win32-x64-msvc@1.0.0-beta.7-commit.e117288':
    optional: true

  '@tybys/wasm-util@0.9.0':
    dependencies:
      tslib: 2.8.1
    optional: true

  '@types/node@20.17.30':
    dependencies:
      undici-types: 6.19.8

  '@valibot/to-json-schema@1.0.0(valibot@1.0.0)':
    dependencies:
      valibot: 1.0.0

  anymatch@3.1.3:
    dependencies:
      normalize-path: 3.0.0
      picomatch: 2.3.1

  array-timsort@1.0.3: {}

  binary-extensions@2.3.0: {}

  braces@3.0.3:
    dependencies:
      fill-range: 7.1.1

  chokidar@3.6.0:
    dependencies:
      anymatch: 3.1.3
      braces: 3.0.3
      glob-parent: 5.1.2
      is-binary-path: 2.1.0
      is-glob: 4.0.3
      normalize-path: 3.0.0
      readdirp: 3.6.0
    optionalDependencies:
      fsevents: 2.3.3

  commander@12.1.0: {}

  comment-json@4.2.5:
    dependencies:
      array-timsort: 1.0.3
      core-util-is: 1.0.3
      esprima: 4.0.1
      has-own-prop: 2.0.0
      repeat-string: 1.6.1

  core-util-is@1.0.3: {}

  esprima@4.0.1: {}

  fill-range@7.1.1:
    dependencies:
      to-regex-range: 5.0.1

  fsevents@2.3.3:
    optional: true

  glob-parent@5.1.2:
    dependencies:
      is-glob: 4.0.3

  has-own-prop@2.0.0: {}

  immediate@3.0.6: {}

  inherits@2.0.4: {}

  is-binary-path@2.1.0:
    dependencies:
      binary-extensions: 2.3.0

  is-extglob@2.1.1: {}

  is-glob@4.0.3:
    dependencies:
      is-extglob: 2.1.1

  is-number@7.0.0: {}

  isarray@1.0.0: {}

  jsonverify@1.0.1: {}

  jszip@3.10.1:
    dependencies:
      lie: 3.3.0
      pako: 1.0.11
      readable-stream: 2.3.8
      setimmediate: 1.0.5

  lie@3.3.0:
    dependencies:
      immediate: 3.0.6

  normalize-path@3.0.0: {}

  oxlint@0.16.5:
    optionalDependencies:
      '@oxlint/darwin-arm64': 0.16.5
      '@oxlint/darwin-x64': 0.16.5
      '@oxlint/linux-arm64-gnu': 0.16.5
      '@oxlint/linux-arm64-musl': 0.16.5
      '@oxlint/linux-x64-gnu': 0.16.5
      '@oxlint/linux-x64-musl': 0.16.5
      '@oxlint/win32-arm64': 0.16.5
      '@oxlint/win32-x64': 0.16.5

  pako@1.0.11: {}

  picocolors@1.1.1: {}

  picomatch@2.3.1: {}

  prettier@3.3.2: {}

  process-nextick-args@2.0.1: {}

  readable-stream@2.3.8:
    dependencies:
      core-util-is: 1.0.3
      inherits: 2.0.4
      isarray: 1.0.0
      process-nextick-args: 2.0.1
      safe-buffer: 5.1.2
      string_decoder: 1.1.1
      util-deprecate: 1.0.2

  readdirp@3.6.0:
    dependencies:
      picomatch: 2.3.1

  repeat-string@1.6.1: {}

  rolldown@1.0.0-beta.7-commit.e117288(@oxc-project/runtime@0.61.2):
    dependencies:
      '@oxc-project/types': 0.61.2
      '@valibot/to-json-schema': 1.0.0(valibot@1.0.0)
      valibot: 1.0.0
    optionalDependencies:
      '@oxc-project/runtime': 0.61.2
      '@rolldown/binding-darwin-arm64': 1.0.0-beta.7-commit.e117288
      '@rolldown/binding-darwin-x64': 1.0.0-beta.7-commit.e117288
      '@rolldown/binding-freebsd-x64': 1.0.0-beta.7-commit.e117288
      '@rolldown/binding-linux-arm-gnueabihf': 1.0.0-beta.7-commit.e117288
      '@rolldown/binding-linux-arm64-gnu': 1.0.0-beta.7-commit.e117288
      '@rolldown/binding-linux-arm64-musl': 1.0.0-beta.7-commit.e117288
      '@rolldown/binding-linux-x64-gnu': 1.0.0-beta.7-commit.e117288
      '@rolldown/binding-linux-x64-musl': 1.0.0-beta.7-commit.e117288
      '@rolldown/binding-wasm32-wasi': 1.0.0-beta.7-commit.e117288
      '@rolldown/binding-win32-arm64-msvc': 1.0.0-beta.7-commit.e117288
      '@rolldown/binding-win32-ia32-msvc': 1.0.0-beta.7-commit.e117288
      '@rolldown/binding-win32-x64-msvc': 1.0.0-beta.7-commit.e117288
    transitivePeerDependencies:
      - typescript

  safe-buffer@5.1.2: {}

  setimmediate@1.0.5: {}

  string_decoder@1.1.1:
    dependencies:
      safe-buffer: 5.1.2

  to-regex-range@5.0.1:
    dependencies:
      is-number: 7.0.0

  tslib@2.8.1:
    optional: true

  undici-types@6.19.8: {}

  util-deprecate@1.0.2: {}

  valibot@1.0.0: {}
